
Microsoft Visual Studio Solution File, Format Version 12.00
# Visual Studio Version 16
VisualStudioVersion = 16.0.32106.194
MinimumVisualStudioVersion = 10.0.40219.1
Project("{FAE04EC0-301F-11D3-BF4B-00C04F79EFBC}") = "Task1", "Task1\Task1.csproj", "{399C3E3C-E8EF-4C3E-8650-EA53FC3CCA21}"
EndProject
Project("{FAE04EC0-301F-11D3-BF4B-00C04F79EFBC}") = "Task2", "Task2\Task2.csproj", "{BB658697-9EDE-4FF4-80A3-F1DD531FD4B1}"
EndProject
Global
	GlobalSection(SolutionConfigurationPlatforms) = preSolution
		Debug|Any CPU = Debug|Any CPU
		Release|Any CPU = Release|Any CPU
	EndGlobalSection
	GlobalSection(ProjectConfigurationPlatforms) = postSolution
		{399C3E3C-E8EF-4C3E-8650-EA53FC3CCA21}.Debug|Any CPU.ActiveCfg = Debug|Any CPU
		{399C3E3C-E8EF-4C3E-8650-EA53FC3CCA21}.Debug|Any CPU.Build.0 = Debug|Any CPU
		{399C3E3C-E8EF-4C3E-8650-EA53FC3CCA21}.Release|Any CPU.ActiveCfg = Release|Any CPU
		{399C3E3C-E8EF-4C3E-8650-EA53FC3CCA21}.Release|Any CPU.Build.0 = Release|Any CPU
		{BB658697-9EDE-4FF4-80A3-F1DD531FD4B1}.Debug|Any CPU.ActiveCfg = Debug|Any CPU
		{BB658697-9EDE-4FF4-80A3-F1DD531FD4B1}.Debug|Any CPU.Build.0 = Debug|Any CPU
		{BB658697-9EDE-4FF4-80A3-F1DD531FD4B1}.Release|Any CPU.ActiveCfg = Release|Any CPU
		{BB658697-9EDE-4FF4-80A3-F1DD531FD4B1}.Release|Any CPU.Build.0 = Release|Any CPU
	EndGlobalSection
	GlobalSection(SolutionProperties) = preSolution
		HideSolutionNode = FALSE
	EndGlobalSection
	GlobalSection(ExtensibilityGlobals) = postSolution
		SolutionGuid = {7F9FEF3F-8795-48A1-AFFC-BCE849DBCDB2}
	EndGlobalSection
EndGlobal
